lockfileVersion: '9.0'

settings:
  autoInstallPeers: true
  excludeLinksFromLockfile: false

importers:

  .:
    dependencies:
      '@discord-player/extractor':
        specifier: ^4.4.7
        version: 4.4.7
      '@discordjs/voice':
        specifier: ^0.16.1
        version: 0.16.1(bufferutil@4.0.8)(ffmpeg-static@5.2.0)(utf-8-validate@5.0.10)
      '@napi-rs/canvas':
        specifier: ^0.1.52
        version: 0.1.68
      '@sentry/node':
        specifier: ^7.113.0
        version: 7.113.0
      '@types/express':
        specifier: ^4.17.21
        version: 4.17.21
      '@types/moment-duration-format':
        specifier: ^2.2.6
        version: 2.2.6
      axios:
        specifier: ^1.6.8
        version: 1.8.2
      chalk:
        specifier: ^5.3.0
        version: 5.4.1
      discord-player:
        specifier: ^6.6.8
        version: 6.7.1(@discord-player/extractor@4.4.7)(bufferutil@4.0.8)(ffmpeg-static@5.2.0)(utf-8-validate@5.0.10)
      discord.js:
        specifier: ^14.15.2
        version: 14.18.0(bufferutil@4.0.8)(utf-8-validate@5.0.10)
      dotenv:
        specifier: ^16.4.5
        version: 16.4.5
      express:
        specifier: ^4.19.2
        version: 4.21.2
      ffmpeg-static:
        specifier: ^5.2.0
        version: 5.2.0
      knex:
        specifier: ^3.1.0
        version: 3.1.0(mysql2@3.9.8)
      mediaplex:
        specifier: ^0.0.9
        version: 0.0.9
      moment:
        specifier: ^2.30.1
        version: 2.30.1
      moment-duration-format:
        specifier: ^2.3.2
        version: 2.3.2
      mysql2:
        specifier: ^3.9.7
        version: 3.9.8
      noblox.js:
        specifier: ^4.15.1 # Changed from: ^6.1.1
        version: 4.15.1(bufferutil@4.0.8)(utf-8-validate@5.0.10)
      songcard:
        specifier: ^1.2.0
        version: 1.4.1
      ts-node:
        specifier: ^10.9.2
        version: 10.9.2(@types/node@22.13.10)(typescript@5.4.5)
      typescript:
        specifier: ^5.4.5
        version: 5.4.5
      ytdl-core:
        specifier: ^4.11.5
        version: 4.11.5
    devDependencies: {}

packages:

  '@cspotcode/source-map-support@0.8.1':
    resolution: {integrity: sha512-IchNf6dN4tHoMFIn/7OE8LWZ19Y6q/67Bmf6vnGREv8RSbBVb9LPJxEcnwrcwX6ixSvaiGoomAUvu4YSxXrVgw==}
    engines: {node: '>=12'}

  '@derhuerst/http-basic@8.2.4':
    resolution: {integrity: sha512-F9rL9k9Xjf5blCz8HsJRO4diy111cayL2vkY2XE4r4t3n0yPXVYy3KD3nJ1qbrSn9743UWSXH4IwuCa/HWlGFw==}
    engines: {node: '>=6.0.0'}

  '@discord-player/equalizer@0.2.3':
    resolution: {integrity: sha512-71UAepYMbHTg2QQLXQAgyuXYHrgAYpJDxjg9dRWfTUNf+zfOAlyJEiRRk/WFhQyGu6m23iLR/H/JxgF4AW8Csg==}

  '@discord-player/extractor@4.4.7':
    resolution: {integrity: sha512-XHG9Y45rQVWk3quf0IJqAj1ybTqiRgAy6vr5hnlaDZeaxXlsHRlDSzmSYl+teFVw2G9bjzR0jIvm8a4BW9hCBw==}

  '@discord-player/ffmpeg@0.1.0':
    resolution: {integrity: sha512-0kW6q4gMQN2B4Z4EzmUgXrKQSXXmyhjdZBBZ/6jSHZ9fh814oOu+JXP01VvtWHwTylI7qJHIctEWtSyjEubCJg==}

  '@discord-player/opus@0.1.2':
    resolution: {integrity: sha512-yF0m+pW7H9RCbRcgk/i6vv47tlWxaCHjp6/F0W4GXZMGZ0pcvZaxk8ic7aFPc3+IoDvrAHvWNomLq+JeFzdncA==}

  '@discord-player/utils@0.2.2':
    resolution: {integrity: sha512-UklWUT7BcZEkBgywM9Cmpo2nwj3SQ9Wmhu6ml1uy/YRQnY8IRdZEHD84T2kfjOg4LVZek0ej1VerIqq7a9PAHQ==}

  '@discordjs/builders@1.10.1':
    resolution: {integrity: sha512-OWo1fY4ztL1/M/DUyRPShB4d/EzVfuUvPTRRHRIt/YxBrUYSz0a+JicD5F5zHFoNs2oTuWavxCOVFV1UljHTng==}
    engines: {node: '>=16.11.0'}

  '@discordjs/collection@1.5.3':
    resolution: {integrity: sha512-SVb428OMd3WO1paV3rm6tSjM4wC+Kecaa1EUGX7vc6/fddvw/6lg90z4QtCqm21zvVe92vMMDt9+DkIvjXImQQ==}
    engines: {node: '>=16.11.0'}

  '@discordjs/collection@2.1.1':
    resolution: {integrity: sha512-LiSusze9Tc7qF03sLCujF5iZp7K+vRNEDBZ86FT9aQAv3vxMLihUvKvpsCWiQ2DJq1tVckopKm1rxomgNUc9hg==}
    engines: {node: '>=18'}

  '@discordjs/formatters@0.6.0':
    resolution: {integrity: sha512-YIruKw4UILt/ivO4uISmrGq2GdMY6EkoTtD0oS0GvkJFRZbTSdPhzYiUILbJ/QslsvC9H9nTgGgnarnIl4jMfw==}
    engines: {node: '>=16.11.0'}

  '@discordjs/rest@2.4.3':
    resolution: {integrity: sha512-+SO4RKvWsM+y8uFHgYQrcTl/3+cY02uQOH7/7bKbVZsTfrfpoE62o5p+mmV+s7FVhTX82/kQUGGbu4YlV60RtA==}
    engines: {node: '>=18'}

  '@discordjs/util@1.1.1':
    resolution: {integrity: sha512-eddz6UnOBEB1oITPinyrB2Pttej49M9FZQY8NxgEvc3tq6ZICZ19m70RsmzRdDHk80O9NoYN/25AqJl8vPVf/g==}
    engines: {node: '>=18'}

  '@discordjs/voice@0.16.1':
    resolution: {integrity: sha512-uiWiW0Ta6K473yf8zs13RfKuPqm/xU4m4dAidMkIdwqgy1CztbbZBtPLfDkVSKzpW7s6m072C+uQcs4LwF3FhA==}
    engines: {node: '>=16.11.0'}
    deprecated: This version uses deprecated encryption modes. Please use a newer version.

  '@discordjs/ws@1.2.1':
    resolution: {integrity: sha512-PBvenhZG56a6tMWF/f4P6f4GxZKJTBG95n7aiGSPTnodmz4N5g60t79rSIAq7ywMbv8A4jFtexMruH+oe51aQQ==}
    engines: {node: '>=16.11.0'}

  '@fastify/busboy@2.1.1':
    resolution: {integrity: sha512-vBZP4NlzfOlerQTnba4aqZoMhE/a9HY7HRqoOPaETQcSQuWEIyZMHGfVu6w9wGtGK5fED5qRs2DteVCjOH60sA==}
    engines: {node: '>=14'}

  '@jimp/bmp@0.22.12':
    resolution: {integrity: sha512-aeI64HD0npropd+AR76MCcvvRaa+Qck6loCOS03CkkxGHN5/r336qTM5HPUdHKMDOGzqknuVPA8+kK1t03z12g==}
    peerDependencies:
      '@jimp/custom': '>=0.3.5'

  '@jimp/core@0.22.12':
    resolution: {integrity: sha512-l0RR0dOPyzMKfjUW1uebzueFEDtCOj9fN6pyTYWWOM/VS4BciXQ1VVrJs8pO3kycGYZxncRKhCoygbNr8eEZQA==}

  '@jimp/custom@0.22.12':
    resolution: {integrity: sha512-xcmww1O/JFP2MrlGUMd3Q78S3Qu6W3mYTXYuIqFq33EorgYHV/HqymHfXy9GjiCJ7OI+7lWx6nYFOzU7M4rd1Q==}

  '@jimp/gif@0.22.12':
    resolution: {integrity: sha512-y6BFTJgch9mbor2H234VSjd9iwAhaNf/t3US5qpYIs0TSbAvM02Fbc28IaDETj9+4YB4676sz4RcN/zwhfu1pg==}
    peerDependencies:
      '@jimp/custom': '>=0.3.5'

  '@jimp/jpeg@0.22.12':
    resolution: {integrity: sha512-Rq26XC/uQWaQKyb/5lksCTCxXhtY01NJeBN+dQv5yNYedN0i7iYu+fXEoRsfaJ8xZzjoANH8sns7rVP4GE7d/Q==}
    peerDependencies:
      '@jimp/custom': '>=0.3.5'

  '@jimp/plugin-blit@0.22.12':
    resolution: {integrity: sha512-xslz2ZoFZOPLY8EZ4dC29m168BtDx95D6K80TzgUi8gqT7LY6CsajWO0FAxDwHz6h0eomHMfyGX0stspBrTKnQ==}
    peerDependencies:
      '@jimp/custom': '>=0.3.5'

  '@jimp/plugin-blur@0.22.12':
    resolution: {integrity: sha512-S0vJADTuh1Q9F+cXAwFPlrKWzDj2F9t/9JAbUvaaDuivpyWuImEKXVz5PUZw2NbpuSHjwssbTpOZ8F13iJX4uw==}
    peerDependencies:
      '@jimp/custom': '>=0.3.5'

  '@jimp/plugin-circle@0.22.12':
    resolution: {integrity: sha512-SWVXx1yiuj5jZtMijqUfvVOJBwOifFn0918ou4ftoHgegc5aHWW5dZbYPjvC9fLpvz7oSlptNl2Sxr1zwofjTg==}
    peerDependencies:
      '@jimp/custom': '>=0.3.5'

  '@jimp/plugin-color@0.22.12':
    resolution: {integrity: sha512-xImhTE5BpS8xa+mAN6j4sMRWaUgUDLoaGHhJhpC+r7SKKErYDR0WQV4yCE4gP+N0gozD0F3Ka1LUSaMXrn7ZIA==}
    peerDependencies:
      '@jimp/custom': '>=0.3.5'

  '@jimp/plugin-contain@0.22.12':
    resolution: {integrity: sha512-Eo3DmfixJw3N79lWk8q/0SDYbqmKt1xSTJ69yy8XLYQj9svoBbyRpSnHR+n9hOw5pKXytHwUW6nU4u1wegHNoQ==}
    peerDependencies:
      '@jimp/custom': '>=0.3.5'
      '@jimp/plugin-blit': '>=0.3.5'
      '@jimp/plugin-resize': '>=0.3.5'
      '@jimp/plugin-scale': '>=0.3.5'

  '@jimp/plugin-cover@0.22.12':
    resolution: {integrity: sha512-z0w/1xH/v/knZkpTNx+E8a7fnasQ2wHG5ze6y5oL2dhH1UufNua8gLQXlv8/W56+4nJ1brhSd233HBJCo01BXA==}
    peerDependencies:
      '@jimp/custom': '>=0.3.5'
      '@jimp/plugin-crop': '>=0.3.5'
      '@jimp/plugin-resize': '>=0.3.5'
      '@jimp/plugin-scale': '>=0.3.5'

  '@jimp/plugin-crop@0.22.12':
    resolution: {integrity: sha512-FNuUN0OVzRCozx8XSgP9MyLGMxNHHJMFt+LJuFjn1mu3k0VQxrzqbN06yIl46TVejhyAhcq5gLzqmSCHvlcBVw==}
    peerDependencies:
      '@jimp/custom': '>=0.3.5'

  '@jimp/plugin-displace@0.22.12':
    resolution: {integrity: sha512-qpRM8JRicxfK6aPPqKZA6+GzBwUIitiHaZw0QrJ64Ygd3+AsTc7BXr+37k2x7QcyCvmKXY4haUrSIsBug4S3CA==}
    peerDependencies:
      '@jimp/custom': '>=0.3.5'

  '@jimp/plugin-dither@0.22.12':
    resolution: {integrity: sha512-jYgGdSdSKl1UUEanX8A85v4+QUm+PE8vHFwlamaKk89s+PXQe7eVE3eNeSZX4inCq63EHL7cX580dMqkoC3ZLw==}
    peerDependencies:
      '@jimp/custom': '>=0.3.5'

  '@jimp/plugin-fisheye@0.22.12':
    resolution: {integrity: sha512-LGuUTsFg+fOp6KBKrmLkX4LfyCy8IIsROwoUvsUPKzutSqMJnsm3JGDW2eOmWIS/jJpPaeaishjlxvczjgII+Q==}
    peerDependencies:
      '@jimp/custom': '>=0.3.5'

  '@jimp/plugin-flip@0.22.12':
    resolution: {integrity: sha512-m251Rop7GN8W0Yo/rF9LWk6kNclngyjIJs/VXHToGQ6EGveOSTSQaX2Isi9f9lCDLxt+inBIb7nlaLLxnvHX8Q==}
    peerDependencies:
      '@jimp/custom': '>=0.3.5'
      '@jimp/plugin-rotate': '>=0.3.5'

  '@jimp/plugin-gaussian@0.22.12':
    resolution: {integrity: sha512-sBfbzoOmJ6FczfG2PquiK84NtVGeScw97JsCC3rpQv1PHVWyW+uqWFF53+n3c8Y0P2HWlUjflEla2h/vWShvhg==}
    peerDependencies:
      '@jimp/custom': '>=0.3.5'

  '@jimp/plugin-invert@0.22.12':
    resolution: {integrity: sha512-N+6rwxdB+7OCR6PYijaA/iizXXodpxOGvT/smd/lxeXsZ/empHmFFFJ/FaXcYh19Tm04dGDaXcNF/dN5nm6+xQ==}
    peerDependencies:
      '@jimp/custom': '>=0.3.5'

  '@jimp/plugin-mask@0.22.12':
    resolution: {integrity: sha512-4AWZg+DomtpUA099jRV8IEZUfn1wLv6+nem4NRJC7L/82vxzLCgXKTxvNvBcNmJjT9yS1LAAmiJGdWKXG63/NA==}
    peerDependencies:
      '@jimp/custom': '>=0.3.5'

  '@jimp/plugin-normalize@0.22.12':
    resolution: {integrity: sha512-0So0rexQivnWgnhacX4cfkM2223YdExnJTTy6d06WbkfZk5alHUx8MM3yEzwoCN0ErO7oyqEWRnEkGC+As1FtA==}
    peerDependencies:
      '@jimp/custom': '>=0.3.5'

  '@jimp/plugin-print@0.22.12':
    resolution: {integrity: sha512-c7TnhHlxm87DJeSnwr/XOLjJU/whoiKYY7r21SbuJ5nuH+7a78EW1teOaj5gEr2wYEd7QtkFqGlmyGXY/YclyQ==}
    peerDependencies:
      '@jimp/custom': '>=0.3.5'
      '@jimp/plugin-blit': '>=0.3.5'

  '@jimp/plugin-resize@0.22.12':
    resolution: {integrity: sha512-3NyTPlPbTnGKDIbaBgQ3HbE6wXbAlFfxHVERmrbqAi8R3r6fQPxpCauA8UVDnieg5eo04D0T8nnnNIX//i/sXg==}
    peerDependencies:
      '@jimp/custom': '>=0.3.5'

  '@jimp/plugin-rotate@0.22.12':
    resolution: {integrity: sha512-9YNEt7BPAFfTls2FGfKBVgwwLUuKqy+E8bDGGEsOqHtbuhbshVGxN2WMZaD4gh5IDWvR+emmmPPWGgaYNYt1gA==}
    peerDependencies:
      '@jimp/custom': '>=0.3.5'
      '@jimp/plugin-blit': '>=0.3.5'
      '@jimp/plugin-crop': '>=0.3.5'
      '@jimp/plugin-resize': '>=0.3.5'

  '@jimp/plugin-scale@0.22.12':
    resolution: {integrity: sha512-dghs92qM6MhHj0HrV2qAwKPMklQtjNpoYgAB94ysYpsXslhRTiPisueSIELRwZGEr0J0VUxpUY7HgJwlSIgGZw==}
    peerDependencies:
      '@jimp/custom': '>=0.3.5'
      '@jimp/plugin-resize': '>=0.3.5'

  '@jimp/plugin-shadow@0.22.12':
    resolution: {integrity: sha512-FX8mTJuCt7/3zXVoeD/qHlm4YH2bVqBuWQHXSuBK054e7wFRnRnbSLPUqAwSeYP3lWqpuQzJtgiiBxV3+WWwTg==}
    peerDependencies:
      '@jimp/custom': '>=0.3.5'
      '@jimp/plugin-blur': '>=0.3.5'
      '@jimp/plugin-resize': '>=0.3.5'

  '@jimp/plugin-threshold@0.22.12':
    resolution: {integrity: sha512-4x5GrQr1a/9L0paBC/MZZJjjgjxLYrqSmWd+e+QfAEPvmRxdRoQ5uKEuNgXnm9/weHQBTnQBQsOY2iFja+XGAw==}
    peerDependencies:
      '@jimp/custom': '>=0.3.5'
      '@jimp/plugin-color': '>=0.8.0'
      '@jimp/plugin-resize': '>=0.8.0'

  '@jimp/plugins@0.22.12':
    resolution: {integrity: sha512-yBJ8vQrDkBbTgQZLty9k4+KtUQdRjsIDJSPjuI21YdVeqZxYywifHl4/XWILoTZsjTUASQcGoH0TuC0N7xm3ww==}
    peerDependencies:
      '@jimp/custom': '>=0.3.5'

  '@jimp/png@0.22.12':
    resolution: {integrity: sha512-Mrp6dr3UTn+aLK8ty/dSKELz+Otdz1v4aAXzV5q53UDD2rbB5joKVJ/ChY310B+eRzNxIovbUF1KVrUsYdE8Hg==}
    peerDependencies:
      '@jimp/custom': '>=0.3.5'

  '@jimp/tiff@0.22.12':
    resolution: {integrity: sha512-E1LtMh4RyJsoCAfAkBRVSYyZDTtLq9p9LUiiYP0vPtXyxX4BiYBUYihTLSBlCQg5nF2e4OpQg7SPrLdJ66u7jg==}
    peerDependencies:
      '@jimp/custom': '>=0.3.5'

  '@jimp/types@0.22.12':
    resolution: {integrity: sha512-wwKYzRdElE1MBXFREvCto5s699izFHNVvALUv79GXNbsOVqlwlOxlWJ8DuyOGIXoLP4JW/m30YyuTtfUJgMRMA==}
    peerDependencies:
      '@jimp/custom': '>=0.3.5'

  '@jimp/utils@0.22.12':
    resolution: {integrity: sha512-yJ5cWUknGnilBq97ZXOyOS0HhsHOyAyjHwYfHxGbSyMTohgQI6sVyE8KPgDwH8HHW/nMKXk8TrSwAE71zt716Q==}

  '@jridgewell/resolve-uri@3.1.2':
    resolution: {integrity: sha512-bRISgCIjP20/tbWSPWMEi54QVPRZExkuD9lJL+UIxUKtwVJA8wW1Trb1jMs1RFXo1CBTNZ/5hpC9QvmKWdopKw==}
    engines: {node: '>=6.0.0'}

  '@jridgewell/sourcemap-codec@1.4.15':
    resolution: {integrity: sha512-eF2rxCRulEKXHTRiDrDy6erMYWqNw4LPdQ8UQA4huuxaQsVeRPFl2oM8oDGxMFhJUWZf9McpLtJasDDZb/Bpeg==}

  '@jridgewell/trace-mapping@0.3.9':
    resolution: {integrity: sha512-3Belt6tdc8bPgAtbcmdtNJlirVoTmEb5e2gC94PnkwEW9jI6CAHUeoG85tjWP5WquqfavoMtMwiG4P926ZKKuQ==}

  '@microsoft/signalr@8.0.7':
    resolution: {integrity: sha512-PHcdMv8v5hJlBkRHAuKG5trGViQEkPYee36LnJQx4xHOQ5LL4X0nEWIxOp5cCtZ7tu+30quz5V3k0b1YNuc6lw==}

  '@napi-rs/canvas-android-arm64@0.1.68':
    resolution: {integrity: sha512-h1KcSR4LKLfRfzeBH65xMxbWOGa1OtMFQbCMVlxPCkN1Zr+2gK+70pXO5ktojIYcUrP6KDcOwoc8clho5ccM/w==}
    engines: {node: '>= 10'}
    cpu: [arm64]
    os: [android]

  '@napi-rs/canvas-darwin-arm64@0.1.68':
    resolution: {integrity: sha512-/VURlrAD4gDoxW1GT/b0nP3fRz/fhxmHI/xznTq2FTwkQLPOlLkDLCvTmQ7v6LtGKdc2Ed6rvYpRan+JXThInQ==}
    engines: {node: '>= 10'}
    cpu: [arm64]
    os: [darwin]

  '@napi-rs/canvas-darwin-x64@0.1.68':
    resolution: {integrity: sha512-tEpvGR6vCLTo1Tx9wmDnoOKROpw57wiCWwCpDOuVlj/7rqEJOUYr9ixW4aRJgmeGBrZHgevI0EURys2ER6whmg==}
    engines: {node: '>= 10'}
    cpu: [x64]
    os: [darwin]

  '@napi-rs/canvas-linux-arm-gnueabihf@0.1.68':
    resolution: {integrity: sha512-U9xbJsumPOiAYeAFZMlHf62b9dGs2HJ6Q5xt7xTB0uEyPeurwhgYBWGgabdsEidyj38YuzI/c3LGB